
Microsoft Visual Studio Solution File, Format Version 12.00
# Visual Studio 15
VisualStudioVersion = 15.0.27130.2024
MinimumVisualStudioVersion = 10.0.40219.1
Project("{FAE04EC0-301F-11D3-BF4B-00C04F79EFBC}") = "FortunaUnofficialAPI", "FortunaUnofficalAPI\FortunaUnofficialAPI.csproj", "{2776FBF5-B19A-4D3F-ACB1-D0AFCAAF657B}"
EndProject
Global
	GlobalSection(SolutionConfigurationPlatforms) = preSolution
		Debug|Any CPU = Debug|Any CPU
		Release|Any CPU = Release|Any CPU
	EndGlobalSection
	GlobalSection(ProjectConfigurationPlatforms) = postSolution
		{2776FBF5-B19A-4D3F-ACB1-D0AFCAAF657B}.Debug|Any CPU.ActiveCfg = Debug|Any CPU
		{2776FBF5-B19A-4D3F-ACB1-D0AFCAAF657B}.Debug|Any CPU.Build.0 = Debug|Any CPU
		{2776FBF5-B19A-4D3F-ACB1-D0AFCAAF657B}.Release|Any CPU.ActiveCfg = Release|Any CPU
		{2776FBF5-B19A-4D3F-ACB1-D0AFCAAF657B}.Release|Any CPU.Build.0 = Release|Any CPU
	EndGlobalSection
	GlobalSection(SolutionProperties) = preSolution
		HideSolutionNode = FALSE
	EndGlobalSection
	GlobalSection(ExtensibilityGlobals) = postSolution
		SolutionGuid = {F6216594-0E6B-4C65-89BC-C76FED1F7A1D}
	EndGlobalSection
EndGlobal
